
Microsoft Visual Studio Solution File, Format Version 12.00
# Visual Studio Version 16
VisualStudioVersion = 16.0.30114.105
MinimumVisualStudioVersion = 10.0.40219.1
Project("{FAE04EC0-301F-11D3-BF4B-00C04F79EFBC}") = "SabadoMVX", "SabadoMVX\SabadoMVX.csproj", "{6CB93D9D-0FAF-46C3-A675-4A27065F4136}"
EndProject
Global
	GlobalSection(SolutionConfigurationPlatforms) = preSolution
		Debug|Any CPU = Debug|Any CPU
		Release|Any CPU = Release|Any CPU
	EndGlobalSection
	GlobalSection(ProjectConfigurationPlatforms) = postSolution
		{6CB93D9D-0FAF-46C3-A675-4A27065F4136}.Debug|Any CPU.ActiveCfg = Debug|Any CPU
		{6CB93D9D-0FAF-46C3-A675-4A27065F4136}.Debug|Any CPU.Build.0 = Debug|Any CPU
		{6CB93D9D-0FAF-46C3-A675-4A27065F4136}.Release|Any CPU.ActiveCfg = Release|Any CPU
		{6CB93D9D-0FAF-46C3-A675-4A27065F4136}.Release|Any CPU.Build.0 = Release|Any CPU
	EndGlobalSection
	GlobalSection(SolutionProperties) = preSolution
		HideSolutionNode = FALSE
	EndGlobalSection
	GlobalSection(ExtensibilityGlobals) = postSolution
		SolutionGuid = {4185CD09-94BC-4B17-8B6F-F9E88D8B81D8}
	EndGlobalSection
EndGlobal
